
Microsoft Visual Studio Solution File, Format Version 12.00
Project("{FAE04EC0-301F-11D3-BF4B-00C04F79EFBC}") = "BlenderShift", "BlenderShift\BlenderShift.csproj", "{DEC5B346-F120-4E2B-95E3-A0518BC259A0}"
EndProject
Global
	GlobalSection(SolutionConfigurationPlatforms) = preSolution
		Debug|Any CPU = Debug|Any CPU
		Release|Any CPU = Release|Any CPU
	EndGlobalSection
	GlobalSection(ProjectConfigurationPlatforms) = postSolution
		{DEC5B346-F120-4E2B-95E3-A0518BC259A0}.Debug|Any CPU.ActiveCfg = Debug|Any CPU
		{DEC5B346-F120-4E2B-95E3-A0518BC259A0}.Debug|Any CPU.Build.0 = Debug|Any CPU
		{DEC5B346-F120-4E2B-95E3-A0518BC259A0}.Release|Any CPU.ActiveCfg = Release|Any CPU
		{DEC5B346-F120-4E2B-95E3-A0518BC259A0}.Release|Any CPU.Build.0 = Release|Any CPU
	EndGlobalSection
EndGlobal
